
Microsoft Visual Studio Solution File, Format Version 12.00
# Visual Studio Version 16
VisualStudioVersion = 16.0.31129.286
MinimumVisualStudioVersion = 10.0.40219.1
Project("{9A19103F-16F7-4668-BE54-9A1E7A4F7556}") = "OnlineStoreApp.WEB", "OnlineStoreApp.WEB\OnlineStoreApp.WEB.csproj", "{046037AC-6B60-48BE-95FF-76A69A5DAB72}"
EndProject
Project("{9A19103F-16F7-4668-BE54-9A1E7A4F7556}") = "OnlineStoreApp.BLL", "OnlineStoreApp.BLL\OnlineStoreApp.BLL.csproj", "{B8C7C0B5-0CBB-4516-9D3C-9BAEA01585E7}"
EndProject
Project("{9A19103F-16F7-4668-BE54-9A1E7A4F7556}") = "OnlineStoreApp.DAL", "OnlineStoreApp.DAL\OnlineStoreApp.DAL.csproj", "{601C6223-D1B4-40D7-92BE-BC916D124652}"
EndProject
Project("{9A19103F-16F7-4668-BE54-9A1E7A4F7556}") = "StoreBLLTests", "StoreBLLTests\StoreBLLTests.csproj", "{7B940F40-E2E3-43FF-ACEC-A1D9B8B2F685}"
EndProject
Project("{FAE04EC0-301F-11D3-BF4B-00C04F79EFBC}") = "OnlineStoreApp.Domain", "OnlineStoreApp.Model\OnlineStoreApp.Domain.csproj", "{6CD4EE04-0010-4E4C-A8C5-4722313CB23C}"
EndProject
Global
	GlobalSection(SolutionConfigurationPlatforms) = preSolution
		Debug|Any CPU = Debug|Any CPU
		Release|Any CPU = Release|Any CPU
	EndGlobalSection
	GlobalSection(ProjectConfigurationPlatforms) = postSolution
		{046037AC-6B60-48BE-95FF-76A69A5DAB72}.Debug|Any CPU.ActiveCfg = Debug|Any CPU
		{046037AC-6B60-48BE-95FF-76A69A5DAB72}.Debug|Any CPU.Build.0 = Debug|Any CPU
		{046037AC-6B60-48BE-95FF-76A69A5DAB72}.Release|Any CPU.ActiveCfg = Release|Any CPU
		{046037AC-6B60-48BE-95FF-76A69A5DAB72}.Release|Any CPU.Build.0 = Release|Any CPU
		{B8C7C0B5-0CBB-4516-9D3C-9BAEA01585E7}.Debug|Any CPU.ActiveCfg = Debug|Any CPU
		{B8C7C0B5-0CBB-4516-9D3C-9BAEA01585E7}.Debug|Any CPU.Build.0 = Debug|Any CPU
		{B8C7C0B5-0CBB-4516-9D3C-9BAEA01585E7}.Release|Any CPU.ActiveCfg = Release|Any CPU
		{B8C7C0B5-0CBB-4516-9D3C-9BAEA01585E7}.Release|Any CPU.Build.0 = Release|Any CPU
		{601C6223-D1B4-40D7-92BE-BC916D124652}.Debug|Any CPU.ActiveCfg = Debug|Any CPU
		{601C6223-D1B4-40D7-92BE-BC916D124652}.Debug|Any CPU.Build.0 = Debug|Any CPU
		{601C6223-D1B4-40D7-92BE-BC916D124652}.Release|Any CPU.ActiveCfg = Release|Any CPU
		{601C6223-D1B4-40D7-92BE-BC916D124652}.Release|Any CPU.Build.0 = Release|Any CPU
		{7B940F40-E2E3-43FF-ACEC-A1D9B8B2F685}.Debug|Any CPU.ActiveCfg = Debug|Any CPU
		{7B940F40-E2E3-43FF-ACEC-A1D9B8B2F685}.Debug|Any CPU.Build.0 = Debug|Any CPU
		{7B940F40-E2E3-43FF-ACEC-A1D9B8B2F685}.Release|Any CPU.ActiveCfg = Release|Any CPU
		{7B940F40-E2E3-43FF-ACEC-A1D9B8B2F685}.Release|Any CPU.Build.0 = Release|Any CPU
		{6CD4EE04-0010-4E4C-A8C5-4722313CB23C}.Debug|Any CPU.ActiveCfg = Debug|Any CPU
		{6CD4EE04-0010-4E4C-A8C5-4722313CB23C}.Debug|Any CPU.Build.0 = Debug|Any CPU
		{6CD4EE04-0010-4E4C-A8C5-4722313CB23C}.Release|Any CPU.ActiveCfg = Release|Any CPU
		{6CD4EE04-0010-4E4C-A8C5-4722313CB23C}.Release|Any CPU.Build.0 = Release|Any CPU
	EndGlobalSection
	GlobalSection(SolutionProperties) = preSolution
		HideSolutionNode = FALSE
	EndGlobalSection
	GlobalSection(ExtensibilityGlobals) = postSolution
		SolutionGuid = {88C21C7A-6ADD-4931-A648-F485ACFFBF43}
	EndGlobalSection
EndGlobal
