
Microsoft Visual Studio Solution File, Format Version 12.00
# Visual Studio Version 16
VisualStudioVersion = 16.0.31129.286
MinimumVisualStudioVersion = 10.0.40219.1
Project("{FAE04EC0-301F-11D3-BF4B-00C04F79EFBC}") = "OnlineStore", "OnlineStore\OnlineStore.csproj", "{FB73DBED-1BF1-4741-B68F-5B490507125B}"
EndProject
Project("{FAE04EC0-301F-11D3-BF4B-00C04F79EFBC}") = "server", "server\server.csproj", "{C9D7F8D8-D54E-4705-BEBC-289BBD823E5D}"
EndProject
Global
	GlobalSection(SolutionConfigurationPlatforms) = preSolution
		Debug|Any CPU = Debug|Any CPU
		Release|Any CPU = Release|Any CPU
	EndGlobalSection
	GlobalSection(ProjectConfigurationPlatforms) = postSolution
		{FB73DBED-1BF1-4741-B68F-5B490507125B}.Debug|Any CPU.ActiveCfg = Debug|Any CPU
		{FB73DBED-1BF1-4741-B68F-5B490507125B}.Debug|Any CPU.Build.0 = Debug|Any CPU
		{FB73DBED-1BF1-4741-B68F-5B490507125B}.Release|Any CPU.ActiveCfg = Release|Any CPU
		{FB73DBED-1BF1-4741-B68F-5B490507125B}.Release|Any CPU.Build.0 = Release|Any CPU
		{C9D7F8D8-D54E-4705-BEBC-289BBD823E5D}.Debug|Any CPU.ActiveCfg = Debug|Any CPU
		{C9D7F8D8-D54E-4705-BEBC-289BBD823E5D}.Debug|Any CPU.Build.0 = Debug|Any CPU
		{C9D7F8D8-D54E-4705-BEBC-289BBD823E5D}.Release|Any CPU.ActiveCfg = Release|Any CPU
		{C9D7F8D8-D54E-4705-BEBC-289BBD823E5D}.Release|Any CPU.Build.0 = Release|Any CPU
	EndGlobalSection
	GlobalSection(SolutionProperties) = preSolution
		HideSolutionNode = FALSE
	EndGlobalSection
	GlobalSection(ExtensibilityGlobals) = postSolution
		SolutionGuid = {38538C3C-B3BE-405B-B553-27B71D061719}
	EndGlobalSection
EndGlobal
